
Microsoft Visual Studio Solution File, Format Version 12.00
# Visual Studio 2015
Project("{FAE04EC0-301F-11D3-BF4B-00C04F79EFBC}") = "magicmirror-unity.CSharp.Plugins", "magicmirror-unity.CSharp.Plugins.csproj", "{3674A6D8-C3B2-2DC6-46C2-93EC447651A7}"
EndProject
Project("{FAE04EC0-301F-11D3-BF4B-00C04F79EFBC}") = "magicmirror-unity.CSharp", "magicmirror-unity.CSharp.csproj", "{33BB9DDA-0867-C05C-BE7C-44338FDCDEE7}"
EndProject
Project("{FAE04EC0-301F-11D3-BF4B-00C04F79EFBC}") = "magicmirror-unity.CSharp.Editor.Plugins", "magicmirror-unity.CSharp.Editor.Plugins.csproj", "{D3244B5B-3B45-49F5-05F1-9351D76B25A3}"
EndProject
Global
	GlobalSection(SolutionConfigurationPlatforms) = preSolution
		Debug|Any CPU = Debug|Any CPU
		Release|Any CPU = Release|Any CPU
	EndGlobalSection
	GlobalSection(ProjectConfigurationPlatforms) = postSolution
		{3674A6D8-C3B2-2DC6-46C2-93EC447651A7}.Debug|Any CPU.ActiveCfg = Debug|Any CPU
		{3674A6D8-C3B2-2DC6-46C2-93EC447651A7}.Debug|Any CPU.Build.0 = Debug|Any CPU
		{3674A6D8-C3B2-2DC6-46C2-93EC447651A7}.Release|Any CPU.ActiveCfg = Release|Any CPU
		{3674A6D8-C3B2-2DC6-46C2-93EC447651A7}.Release|Any CPU.Build.0 = Release|Any CPU
		{33BB9DDA-0867-C05C-BE7C-44338FDCDEE7}.Debug|Any CPU.ActiveCfg = Debug|Any CPU
		{33BB9DDA-0867-C05C-BE7C-44338FDCDEE7}.Debug|Any CPU.Build.0 = Debug|Any CPU
		{33BB9DDA-0867-C05C-BE7C-44338FDCDEE7}.Release|Any CPU.ActiveCfg = Release|Any CPU
		{33BB9DDA-0867-C05C-BE7C-44338FDCDEE7}.Release|Any CPU.Build.0 = Release|Any CPU
		{D3244B5B-3B45-49F5-05F1-9351D76B25A3}.Debug|Any CPU.ActiveCfg = Debug|Any CPU
		{D3244B5B-3B45-49F5-05F1-9351D76B25A3}.Debug|Any CPU.Build.0 = Debug|Any CPU
		{D3244B5B-3B45-49F5-05F1-9351D76B25A3}.Release|Any CPU.ActiveCfg = Release|Any CPU
		{D3244B5B-3B45-49F5-05F1-9351D76B25A3}.Release|Any CPU.Build.0 = Release|Any CPU
	EndGlobalSection
	GlobalSection(SolutionProperties) = preSolution
		HideSolutionNode = FALSE
	EndGlobalSection
EndGlobal
